
Microsoft Visual Studio Solution File, Format Version 12.00
# Visual Studio Version 16
VisualStudioVersion = 16.0.30309.148
MinimumVisualStudioVersion = 10.0.40219.1
Project("{FAE04EC0-301F-11D3-BF4B-00C04F79EFBC}") = "Enums", "Enums.csproj", "{F741D2C4-52A6-4C90-AEB5-EC7E44034430}"
EndProject
Global
	GlobalSection(SolutionConfigurationPlatforms) = preSolution
		Debug|Any CPU = Debug|Any CPU
		Release|Any CPU = Release|Any CPU
	EndGlobalSection
	GlobalSection(ProjectConfigurationPlatforms) = postSolution
		{F741D2C4-52A6-4C90-AEB5-EC7E44034430}.Debug|Any CPU.ActiveCfg = Debug|Any CPU
		{F741D2C4-52A6-4C90-AEB5-EC7E44034430}.Debug|Any CPU.Build.0 = Debug|Any CPU
		{F741D2C4-52A6-4C90-AEB5-EC7E44034430}.Release|Any CPU.ActiveCfg = Release|Any CPU
		{F741D2C4-52A6-4C90-AEB5-EC7E44034430}.Release|Any CPU.Build.0 = Release|Any CPU
	EndGlobalSection
	GlobalSection(SolutionProperties) = preSolution
		HideSolutionNode = FALSE
	EndGlobalSection
	GlobalSection(ExtensibilityGlobals) = postSolution
		SolutionGuid = {AAA8E601-8239-405E-AA34-21A82F6B545E}
	EndGlobalSection
EndGlobal
