
Microsoft Visual Studio Solution File, Format Version 12.00
# Visual Studio Version 16
VisualStudioVersion = 16.0.30309.148
MinimumVisualStudioVersion = 10.0.40219.1
Project("{FAE04EC0-301F-11D3-BF4B-00C04F79EFBC}") = "Testdemo1", "Testdemo1.csproj", "{64C4E024-2D58-4E66-BAFB-725C585AEF48}"
EndProject
Global
	GlobalSection(SolutionConfigurationPlatforms) = preSolution
		Debug|Any CPU = Debug|Any CPU
		Release|Any CPU = Release|Any CPU
	EndGlobalSection
	GlobalSection(ProjectConfigurationPlatforms) = postSolution
		{64C4E024-2D58-4E66-BAFB-725C585AEF48}.Debug|Any CPU.ActiveCfg = Debug|Any CPU
		{64C4E024-2D58-4E66-BAFB-725C585AEF48}.Debug|Any CPU.Build.0 = Debug|Any CPU
		{64C4E024-2D58-4E66-BAFB-725C585AEF48}.Release|Any CPU.ActiveCfg = Release|Any CPU
		{64C4E024-2D58-4E66-BAFB-725C585AEF48}.Release|Any CPU.Build.0 = Release|Any CPU
	EndGlobalSection
	GlobalSection(SolutionProperties) = preSolution
		HideSolutionNode = FALSE
	EndGlobalSection
	GlobalSection(ExtensibilityGlobals) = postSolution
		SolutionGuid = {E0B71639-E319-4F8F-88EE-55B43CE6326E}
	EndGlobalSection
EndGlobal
