
Microsoft Visual Studio Solution File, Format Version 12.00
# Visual Studio 15
Project("{FAE04EC0-301F-11D3-BF4B-00C04F79EFBC}") = "2DArrays", "2DArrays\2DArrays.csproj", "{C979BDC7-222E-483C-806E-7B951AEE0BDB}"
EndProject
Global
	GlobalSection(SolutionConfigurationPlatforms) = preSolution
		Debug|Any CPU = Debug|Any CPU
		Release|Any CPU = Release|Any CPU
	EndGlobalSection
	GlobalSection(ProjectConfigurationPlatforms) = postSolution
		{C979BDC7-222E-483C-806E-7B951AEE0BDB}.Debug|Any CPU.ActiveCfg = Debug|Any CPU
		{C979BDC7-222E-483C-806E-7B951AEE0BDB}.Debug|Any CPU.Build.0 = Debug|Any CPU
		{C979BDC7-222E-483C-806E-7B951AEE0BDB}.Release|Any CPU.ActiveCfg = Release|Any CPU
		{C979BDC7-222E-483C-806E-7B951AEE0BDB}.Release|Any CPU.Build.0 = Release|Any CPU
	EndGlobalSection
EndGlobal
