
Microsoft Visual Studio Solution File, Format Version 12.00
# Visual Studio Version 16
VisualStudioVersion = 16.0.30309.148
MinimumVisualStudioVersion = 10.0.40219.1
Project("{FAE04EC0-301F-11D3-BF4B-00C04F79EFBC}") = "Conditional-Statements", "Conditional-Statements.csproj", "{96556D11-FA2A-4162-ACE4-4865EC6C4E42}"
EndProject
Global
	GlobalSection(SolutionConfigurationPlatforms) = preSolution
		Debug|Any CPU = Debug|Any CPU
		Release|Any CPU = Release|Any CPU
	EndGlobalSection
	GlobalSection(ProjectConfigurationPlatforms) = postSolution
		{96556D11-FA2A-4162-ACE4-4865EC6C4E42}.Debug|Any CPU.ActiveCfg = Debug|Any CPU
		{96556D11-FA2A-4162-ACE4-4865EC6C4E42}.Debug|Any CPU.Build.0 = Debug|Any CPU
		{96556D11-FA2A-4162-ACE4-4865EC6C4E42}.Release|Any CPU.ActiveCfg = Release|Any CPU
		{96556D11-FA2A-4162-ACE4-4865EC6C4E42}.Release|Any CPU.Build.0 = Release|Any CPU
	EndGlobalSection
	GlobalSection(SolutionProperties) = preSolution
		HideSolutionNode = FALSE
	EndGlobalSection
	GlobalSection(ExtensibilityGlobals) = postSolution
		SolutionGuid = {FB586F6F-18BA-409F-AE41-4012BAD45E20}
	EndGlobalSection
EndGlobal
