
Microsoft Visual Studio Solution File, Format Version 12.00
# Visual Studio 15
Project("{FAE04EC0-301F-11D3-BF4B-00C04F79EFBC}") = "String", "String\String.csproj", "{97E41672-A627-4186-ADAE-29ACF8EF4C1B}"
EndProject
Global
	GlobalSection(SolutionConfigurationPlatforms) = preSolution
		Debug|Any CPU = Debug|Any CPU
		Release|Any CPU = Release|Any CPU
	EndGlobalSection
	GlobalSection(ProjectConfigurationPlatforms) = postSolution
		{97E41672-A627-4186-ADAE-29ACF8EF4C1B}.Debug|Any CPU.ActiveCfg = Debug|Any CPU
		{97E41672-A627-4186-ADAE-29ACF8EF4C1B}.Debug|Any CPU.Build.0 = Debug|Any CPU
		{97E41672-A627-4186-ADAE-29ACF8EF4C1B}.Release|Any CPU.ActiveCfg = Release|Any CPU
		{97E41672-A627-4186-ADAE-29ACF8EF4C1B}.Release|Any CPU.Build.0 = Release|Any CPU
	EndGlobalSection
EndGlobal
