
Microsoft Visual Studio Solution File, Format Version 12.00
# Visual Studio Version 16
VisualStudioVersion = 16.0.30309.148
MinimumVisualStudioVersion = 10.0.40219.1
Project("{FAE04EC0-301F-11D3-BF4B-00C04F79EFBC}") = "GenericType", "GenericType.csproj", "{59281CC6-8BF9-47A7-9B78-6B07F4383411}"
EndProject
Global
	GlobalSection(SolutionConfigurationPlatforms) = preSolution
		Debug|Any CPU = Debug|Any CPU
		Release|Any CPU = Release|Any CPU
	EndGlobalSection
	GlobalSection(ProjectConfigurationPlatforms) = postSolution
		{59281CC6-8BF9-47A7-9B78-6B07F4383411}.Debug|Any CPU.ActiveCfg = Debug|Any CPU
		{59281CC6-8BF9-47A7-9B78-6B07F4383411}.Debug|Any CPU.Build.0 = Debug|Any CPU
		{59281CC6-8BF9-47A7-9B78-6B07F4383411}.Release|Any CPU.ActiveCfg = Release|Any CPU
		{59281CC6-8BF9-47A7-9B78-6B07F4383411}.Release|Any CPU.Build.0 = Release|Any CPU
	EndGlobalSection
	GlobalSection(SolutionProperties) = preSolution
		HideSolutionNode = FALSE
	EndGlobalSection
	GlobalSection(ExtensibilityGlobals) = postSolution
		SolutionGuid = {0F28543F-9528-4990-AC45-A1D5AC99DA53}
	EndGlobalSection
EndGlobal
